// !$*UTF8*$!
{
	archiveVersion = 1;
	classes = {
	};
	objectVersion = 50;
	objects = {

/* Begin PBXBuildFile section */
		6A0F5E6C246F9CC800C28125 /* ICDResults.swift in Sources */ = {isa = PBXBuildFile; fileRef = 6A0F5E6B246F9CC800C28125 /* ICDResults.swift */; };
		6A0F5E6E2470187100C28125 /* auth0TokenRequest.swift in Sources */ = {isa = PBXBuildFile; fileRef = 6A0F5E6D2470187100C28125 /* auth0TokenRequest.swift */; };
		6A0F5E7224701A0500C28125 /* auth0TokenRefresh.swift in Sources */ = {isa = PBXBuildFile; fileRef = 6A0F5E7124701A0500C28125 /* auth0TokenRefresh.swift */; };
		6A0F5E7524701B7E00C28125 /* Codable objects - WHOICDAPI.swift in Sources */ = {isa = PBXBuildFile; fileRef = 6A0F5E7424701B7E00C28125 /* Codable objects - WHOICDAPI.swift */; };
		6A258DEF24689CCA00F689BF /* StripHTMLTags.swift in Sources */ = {isa = PBXBuildFile; fileRef = 6A258DEB24689CCA00F689BF /* StripHTMLTags.swift */; };
		6A258DF024689CCA00F689BF /* getICDAPIToken.swift in Sources */ = {isa = PBXBuildFile; fileRef = 6A258DEC24689CCA00F689BF /* getICDAPIToken.swift */; };
		6A258DF124689CCA00F689BF /* ICDSearchResultsView.swift in Sources */ = {isa = PBXBuildFile; fileRef = 6A258DED24689CCA00F689BF /* ICDSearchResultsView.swift */; };
		6A258DF224689CCA00F689BF /* ICDData.swift in Sources */ = {isa = PBXBuildFile; fileRef = 6A258DEE24689CCA00F689BF /* ICDData.swift */; };
		6A258DF42468A1D400F689BF /* ICDDiagnosisRow.swift in Sources */ = {isa = PBXBuildFile; fileRef = 6A258DF32468A1D400F689BF /* ICDDiagnosisRow.swift */; };
		6A258DF724697A8800F689BF /* DismissKeyboard.swift in Sources */ = {isa = PBXBuildFile; fileRef = 6A258DF624697A8800F689BF /* DismissKeyboard.swift */; };
		6A258DFA24697E8300F689BF /* DiagnosesListView.swift in Sources */ = {isa = PBXBuildFile; fileRef = 6A258DF924697E8300F689BF /* DiagnosesListView.swift */; };
		6A258DFD246986BC00F689BF /* PatientFormView.swift in Sources */ = {isa = PBXBuildFile; fileRef = 6A258DFC246986BC00F689BF /* PatientFormView.swift */; };
		6A258E012469916100F689BF /* ExtentsionPatient.swift in Sources */ = {isa = PBXBuildFile; fileRef = 6A258E002469916100F689BF /* ExtentsionPatient.swift */; };
		6A364CA1246E2B4600442D69 /* EpisodeOfCareListView.swift in Sources */ = {isa = PBXBuildFile; fileRef = 6A364CA0246E2B4600442D69 /* EpisodeOfCareListView.swift */; };
		6A4D72FB246CB59A00C15B2E /* DynamicFilteredList.swift in Sources */ = {isa = PBXBuildFile; fileRef = 6A6794EE246CB40300FF6C4B /* DynamicFilteredList.swift */; };
		6A5EE72B24708A9E003B1E58 /* ICDSearchError.swift in Sources */ = {isa = PBXBuildFile; fileRef = 6A5EE72A24708A9E003B1E58 /* ICDSearchError.swift */; };
		6A5F6CFF247231D3001DA480 /* RamqBillingCodes.swift in Sources */ = {isa = PBXBuildFile; fileRef = 6A5F6CFE247231D3001DA480 /* RamqBillingCodes.swift */; };
		6A5F6D0124724109001DA480 /* VisitsResults.swift in Sources */ = {isa = PBXBuildFile; fileRef = 6A5F6D0024724109001DA480 /* VisitsResults.swift */; };
		6A649EBC246DFB7C00B9AB0F /* EpisodeOfCareForm.swift in Sources */ = {isa = PBXBuildFile; fileRef = 6A649EBB246DFB7C00B9AB0F /* EpisodeOfCareForm.swift */; };
		6A649EBE246DFBC000B9AB0F /* EpocStatus.swift in Sources */ = {isa = PBXBuildFile; fileRef = 6A649EBD246DFBC000B9AB0F /* EpocStatus.swift */; };
		6A649EC1246DFD2E00B9AB0F /* SearchableContent.swift in Sources */ = {isa = PBXBuildFile; fileRef = 6A649EBF246DFD2E00B9AB0F /* SearchableContent.swift */; };
		6A649EC2246DFD2E00B9AB0F /* SearchView.swift in Sources */ = {isa = PBXBuildFile; fileRef = 6A649EC0246DFD2E00B9AB0F /* SearchView.swift */; };
		6A649EC4246DFE4A00B9AB0F /* PatientRow.swift in Sources */ = {isa = PBXBuildFile; fileRef = 6A649EC3246DFE4900B9AB0F /* PatientRow.swift */; };
		6A649EC6246DFF0100B9AB0F /* AIColorExtensions.swift in Sources */ = {isa = PBXBuildFile; fileRef = 6A649EC5246DFF0100B9AB0F /* AIColorExtensions.swift */; };
		6A649EC8246E06AD00B9AB0F /* AllPatientsView.swift in Sources */ = {isa = PBXBuildFile; fileRef = 6A649EC7246E06AD00B9AB0F /* AllPatientsView.swift */; };
		6A65F8A92469A5F500AC43B7 /* ExentsionEpisodeOfCare.swift in Sources */ = {isa = PBXBuildFile; fileRef = 6A65F8A82469A5F500AC43B7 /* ExentsionEpisodeOfCare.swift */; };
		6A65F8AE2469A94900AC43B7 /* Dated Protocol.swift in Sources */ = {isa = PBXBuildFile; fileRef = 6A65F8AD2469A94900AC43B7 /* Dated Protocol.swift */; };
		6A65F8B02469A9BC00AC43B7 /* Extension Diagnosis.swift in Sources */ = {isa = PBXBuildFile; fileRef = 6A65F8AF2469A9BC00AC43B7 /* Extension Diagnosis.swift */; };
		6A6D7BF9246A4E4B004C18AA /* MainView.swift in Sources */ = {isa = PBXBuildFile; fileRef = 6A6D7BF8246A4E4B004C18AA /* MainView.swift */; };
		6A6D7BFB246A528A004C18AA /* ClinicalWorkListView.swift in Sources */ = {isa = PBXBuildFile; fileRef = 6A6D7BFA246A528A004C18AA /* ClinicalWorkListView.swift */; };
		6A6D7BFD246A6255004C18AA /* MainContentCategories.swift in Sources */ = {isa = PBXBuildFile; fileRef = 6A6D7BFC246A6255004C18AA /* MainContentCategories.swift */; };
		6A7838F32470253800B8666A /* TokenFetchingError.swift in Sources */ = {isa = PBXBuildFile; fileRef = 6A7838F22470253800B8666A /* TokenFetchingError.swift */; };
		6A7838F52470257E00B8666A /* LoginDataForWHOICDAPI.swift in Sources */ = {isa = PBXBuildFile; fileRef = 6A7838F42470257E00B8666A /* LoginDataForWHOICDAPI.swift */; };
		6A7838F7247025C300B8666A /* TestView.swift in Sources */ = {isa = PBXBuildFile; fileRef = 6A7838F6247025C300B8666A /* TestView.swift */; };
		6A7838F9247028C800B8666A /* AuthOTokenResponsePayload.swift in Sources */ = {isa = PBXBuildFile; fileRef = 6A7838F8247028C800B8666A /* AuthOTokenResponsePayload.swift */; };
		6AB1248E2471B85A0047BF66 /* PhysicianForm.swift in Sources */ = {isa = PBXBuildFile; fileRef = 6AB1248D2471B85A0047BF66 /* PhysicianForm.swift */; };
		6AB124902471B9920047BF66 /* PhysicianList.swift in Sources */ = {isa = PBXBuildFile; fileRef = 6AB1248F2471B9920047BF66 /* PhysicianList.swift */; };
		6AB124922471BBEA0047BF66 /* PhysicianRowView.swift in Sources */ = {isa = PBXBuildFile; fileRef = 6AB124912471BBEA0047BF66 /* PhysicianRowView.swift */; };
		6AB479B92470A3D400C7ADCC /* ClinicalVisitDotView.swift in Sources */ = {isa = PBXBuildFile; fileRef = 6AB479B82470A3D400C7ADCC /* ClinicalVisitDotView.swift */; };
		6AC7533624704394003A38C2 /* WHOICDAPIAccessToken.swift in Sources */ = {isa = PBXBuildFile; fileRef = 6AC7533524704394003A38C2 /* WHOICDAPIAccessToken.swift */; };
		6AC7533A24704435003A38C2 /* WHOICDSearchView.swift in Sources */ = {isa = PBXBuildFile; fileRef = 6AC7533924704435003A38C2 /* WHOICDSearchView.swift */; };
		6AC7533C2470452B003A38C2 /* WHOICDSearchResultsList.swift in Sources */ = {isa = PBXBuildFile; fileRef = 6AC7533B2470452B003A38C2 /* WHOICDSearchResultsList.swift */; };
		6AC7533E2470460D003A38C2 /* WHOICDSearchResponse.swift in Sources */ = {isa = PBXBuildFile; fileRef = 6AC7533D2470460D003A38C2 /* WHOICDSearchResponse.swift */; };
		6ACAB3B924724A8900A5CAE3 /* AddIcon.swift in Sources */ = {isa = PBXBuildFile; fileRef = 6ACAB3B824724A8900A5CAE3 /* AddIcon.swift */; };
		6ACAB3BB2472B0BB00A5CAE3 /* VisitSectionView.swift in Sources */ = {isa = PBXBuildFile; fileRef = 6ACAB3BA2472B0BB00A5CAE3 /* VisitSectionView.swift */; };
		6ACC9D6C246B4D9B0034C7FD /* AllClinicalWorkView.swift in Sources */ = {isa = PBXBuildFile; fileRef = 6ACC9D6B246B4D9B0034C7FD /* AllClinicalWorkView.swift */; };
		6AD0CEE82469CD0000EF3ED7 /* ExtentionClinicalVisit.swift in Sources */ = {isa = PBXBuildFile; fileRef = 6AD0CEE72469CD0000EF3ED7 /* ExtentionClinicalVisit.swift */; };
		6AD0CEEA2469EA2E00EF3ED7 /* ClinicalVisitRowView.swift in Sources */ = {isa = PBXBuildFile; fileRef = 6AD0CEE92469EA2E00EF3ED7 /* ClinicalVisitRowView.swift */; };
		6AD0CEEC2469ECE700EF3ED7 /* DiagnosisRowView.swift in Sources */ = {isa = PBXBuildFile; fileRef = 6AD0CEEB2469ECE700EF3ED7 /* DiagnosisRowView.swift */; };
		6AD0CEEE2469ED0800EF3ED7 /* EpisodeOfCareRowView.swift in Sources */ = {isa = PBXBuildFile; fileRef = 6AD0CEED2469ED0800EF3ED7 /* EpisodeOfCareRowView.swift */; };
		6AD0CEF02469EE2800EF3ED7 /* DateToString.swift in Sources */ = {isa = PBXBuildFile; fileRef = 6AD0CEEF2469EE2800EF3ED7 /* DateToString.swift */; };
		6AD0CEF22469FA8500EF3ED7 /* DummyData.swift in Sources */ = {isa = PBXBuildFile; fileRef = 6AD0CEF12469FA8500EF3ED7 /* DummyData.swift */; };
		6AD0CEF4246A3C4E00EF3ED7 /* ClinicalWorkRowView.swift in Sources */ = {isa = PBXBuildFile; fileRef = 6AD0CEF3246A3C4E00EF3ED7 /* ClinicalWorkRowView.swift */; };
		6AD0CEF6246A3C5D00EF3ED7 /* ExtensionClinicalWork.swift in Sources */ = {isa = PBXBuildFile; fileRef = 6AD0CEF5246A3C5D00EF3ED7 /* ExtensionClinicalWork.swift */; };
		6AD0CEFA246A3CA900EF3ED7 /* ClinicalWorkView.swift in Sources */ = {isa = PBXBuildFile; fileRef = 6AD0CEF9246A3CA900EF3ED7 /* ClinicalWorkView.swift */; };
		6AD0CEFC246A48E200EF3ED7 /* ClinicalWorkBanderoleView.swift in Sources */ = {isa = PBXBuildFile; fileRef = 6AD0CEFB246A48E200EF3ED7 /* ClinicalWorkBanderoleView.swift */; };
		6AD21355247035A500936099 /* auth0APICall.swift in Sources */ = {isa = PBXBuildFile; fileRef = 6AD21354247035A500936099 /* auth0APICall.swift */; };
		6AD213572470376100936099 /* WHOICDAPIEndpoint.swift in Sources */ = {isa = PBXBuildFile; fileRef = 6AD213562470376100936099 /* WHOICDAPIEndpoint.swift */; };
		6AD2135B2470415700936099 /* WHOICDToken.swift in Sources */ = {isa = PBXBuildFile; fileRef = 6AD2135A2470415700936099 /* WHOICDToken.swift */; };
		6AD7A24324689548004BCAE8 /* AppDelegate.swift in Sources */ = {isa = PBXBuildFile; fileRef = 6AD7A24224689548004BCAE8 /* AppDelegate.swift */; };
		6AD7A24524689548004BCAE8 /* SceneDelegate.swift in Sources */ = {isa = PBXBuildFile; fileRef = 6AD7A24424689548004BCAE8 /* SceneDelegate.swift */; };
		6AD7A24824689548004BCAE8 /* KarlaMay.xcdatamodeld in Sources */ = {isa = PBXBuildFile; fileRef = 6AD7A24624689548004BCAE8 /* KarlaMay.xcdatamodeld */; };
		6AD7A24A24689548004BCAE8 /* ContentView.swift in Sources */ = {isa = PBXBuildFile; fileRef = 6AD7A24924689548004BCAE8 /* ContentView.swift */; };
		6AD7A24C2468954B004BCAE8 /* Assets.xcassets in Resources */ = {isa = PBXBuildFile; fileRef = 6AD7A24B2468954B004BCAE8 /* Assets.xcassets */; };
		6AD7A24F2468954B004BCAE8 /* Preview Assets.xcassets in Resources */ = {isa = PBXBuildFile; fileRef = 6AD7A24E2468954B004BCAE8 /* Preview Assets.xcassets */; };
		6AD7A2522468954B004BCAE8 /* LaunchScreen.storyboard in Resources */ = {isa = PBXBuildFile; fileRef = 6AD7A2502468954B004BCAE8 /* LaunchScreen.storyboard */; };
		6AE1F50C247150D50069EC21 /* GrantType.swift in Sources */ = {isa = PBXBuildFile; fileRef = 6AE1F50B247150D50069EC21 /* GrantType.swift */; };
		6AE1F50E24716C4A0069EC21 /* ClinicalVisitForm.swift in Sources */ = {isa = PBXBuildFile; fileRef = 6AE1F50D24716C4A0069EC21 /* ClinicalVisitForm.swift */; };
		6AE1F510247170DF0069EC21 /* BillingCodes.swift in Sources */ = {isa = PBXBuildFile; fileRef = 6AE1F50F247170DF0069EC21 /* BillingCodes.swift */; };
		6AFE51D6246B7A4B00D5A333 /* ClinicalWorkStatus.swift in Sources */ = {isa = PBXBuildFile; fileRef = 6AFE51D5246B7A4B00D5A333 /* ClinicalWorkStatus.swift */; };
		6AFE51D8246B7B1500D5A333 /* ClinicalWorkFormView.swift in Sources */ = {isa = PBXBuildFile; fileRef = 6AFE51D7246B7B1500D5A333 /* ClinicalWorkFormView.swift */; };
		6AFE51DA246BA17100D5A333 /* UniqueTag-enum.swift in Sources */ = {isa = PBXBuildFile; fileRef = 6AFE51D9246BA17100D5A333 /* UniqueTag-enum.swift */; };
		6AFFA15C246CA7AF00F69784 /* AutofillWordsSuggestionsView.swift in Sources */ = {isa = PBXBuildFile; fileRef = 6AFFA15B246CA7AF00F69784 /* AutofillWordsSuggestionsView.swift */; };
/* End PBXBuildFile section */

/* Begin PBXFileReference section */
		6A0F5E6B246F9CC800C28125 /* ICDResults.swift */ = {isa = PBXFileReference; lastKnownFileType = sourcecode.swift; path = ICDResults.swift; sourceTree = "<group>"; };
		6A0F5E6D2470187100C28125 /* auth0TokenRequest.swift */ = {isa = PBXFileReference; lastKnownFileType = sourcecode.swift; path = auth0TokenRequest.swift; sourceTree = "<group>"; };
		6A0F5E7124701A0500C28125 /* auth0TokenRefresh.swift */ = {isa = PBXFileReference; lastKnownFileType = sourcecode.swift; path = auth0TokenRefresh.swift; sourceTree = "<group>"; };
		6A0F5E7424701B7E00C28125 /* Codable objects - WHOICDAPI.swift */ = {isa = PBXFileReference; lastKnownFileType = sourcecode.swift; path = "Codable objects - WHOICDAPI.swift"; sourceTree = "<group>"; };
		6A258DEB24689CCA00F689BF /* StripHTMLTags.swift */ = {isa = PBXFileReference; fileEncoding = 4; lastKnownFileType = sourcecode.swift; path = StripHTMLTags.swift; sourceTree = "<group>"; };
		6A258DEC24689CCA00F689BF /* getICDAPIToken.swift */ = {isa = PBXFileReference; fileEncoding = 4; lastKnownFileType = sourcecode.swift; path = getICDAPIToken.swift; sourceTree = "<group>"; };
		6A258DED24689CCA00F689BF /* ICDSearchResultsView.swift */ = {isa = PBXFileReference; fileEncoding = 4; lastKnownFileType = sourcecode.swift; path = ICDSearchResultsView.swift; sourceTree = "<group>"; };
		6A258DEE24689CCA00F689BF /* ICDData.swift */ = {isa = PBXFileReference; fileEncoding = 4; lastKnownFileType = sourcecode.swift; path = ICDData.swift; sourceTree = "<group>"; };
		6A258DF32468A1D400F689BF /* ICDDiagnosisRow.swift */ = {isa = PBXFileReference; lastKnownFileType = sourcecode.swift; path = ICDDiagnosisRow.swift; sourceTree = "<group>"; };
		6A258DF624697A8800F689BF /* DismissKeyboard.swift */ = {isa = PBXFileReference; lastKnownFileType = sourcecode.swift; path = DismissKeyboard.swift; sourceTree = "<group>"; };
		6A258DF924697E8300F689BF /* DiagnosesListView.swift */ = {isa = PBXFileReference; lastKnownFileType = sourcecode.swift; path = DiagnosesListView.swift; sourceTree = "<group>"; };
		6A258DFC246986BC00F689BF /* PatientFormView.swift */ = {isa = PBXFileReference; lastKnownFileType = sourcecode.swift; path = PatientFormView.swift; sourceTree = "<group>"; };
		6A258E002469916100F689BF /* ExtentsionPatient.swift */ = {isa = PBXFileReference; lastKnownFileType = sourcecode.swift; path = ExtentsionPatient.swift; sourceTree = "<group>"; };
		6A364CA0246E2B4600442D69 /* EpisodeOfCareListView.swift */ = {isa = PBXFileReference; lastKnownFileType = sourcecode.swift; path = EpisodeOfCareListView.swift; sourceTree = "<group>"; };
		6A5EE72A24708A9E003B1E58 /* ICDSearchError.swift */ = {isa = PBXFileReference; lastKnownFileType = sourcecode.swift; path = ICDSearchError.swift; sourceTree = "<group>"; };
		6A5F6CFE247231D3001DA480 /* RamqBillingCodes.swift */ = {isa = PBXFileReference; lastKnownFileType = sourcecode.swift; path = RamqBillingCodes.swift; sourceTree = "<group>"; };
		6A5F6D0024724109001DA480 /* VisitsResults.swift */ = {isa = PBXFileReference; lastKnownFileType = sourcecode.swift; path = VisitsResults.swift; sourceTree = "<group>"; };
		6A649EBB246DFB7C00B9AB0F /* EpisodeOfCareForm.swift */ = {isa = PBXFileReference; lastKnownFileType = sourcecode.swift; path = EpisodeOfCareForm.swift; sourceTree = "<group>"; };
		6A649EBD246DFBC000B9AB0F /* EpocStatus.swift */ = {isa = PBXFileReference; lastKnownFileType = sourcecode.swift; path = EpocStatus.swift; sourceTree = "<group>"; };
		6A649EBF246DFD2E00B9AB0F /* SearchableContent.swift */ = {isa = PBXFileReference; fileEncoding = 4; lastKnownFileType = sourcecode.swift; path = SearchableContent.swift; sourceTree = "<group>"; };
		6A649EC0246DFD2E00B9AB0F /* SearchView.swift */ = {isa = PBXFileReference; fileEncoding = 4; lastKnownFileType = sourcecode.swift; path = SearchView.swift; sourceTree = "<group>"; };
		6A649EC3246DFE4900B9AB0F /* PatientRow.swift */ = {isa = PBXFileReference; fileEncoding = 4; lastKnownFileType = sourcecode.swift; path = PatientRow.swift; sourceTree = "<group>"; };
		6A649EC5246DFF0100B9AB0F /* AIColorExtensions.swift */ = {isa = PBXFileReference; fileEncoding = 4; lastKnownFileType = sourcecode.swift; path = AIColorExtensions.swift; sourceTree = "<group>"; };
		6A649EC7246E06AD00B9AB0F /* AllPatientsView.swift */ = {isa = PBXFileReference; lastKnownFileType = sourcecode.swift; path = AllPatientsView.swift; sourceTree = "<group>"; };
		6A65F8A82469A5F500AC43B7 /* ExentsionEpisodeOfCare.swift */ = {isa = PBXFileReference; lastKnownFileType = sourcecode.swift; path = ExentsionEpisodeOfCare.swift; sourceTree = "<group>"; };
		6A65F8AD2469A94900AC43B7 /* Dated Protocol.swift */ = {isa = PBXFileReference; lastKnownFileType = sourcecode.swift; path = "Dated Protocol.swift"; sourceTree = "<group>"; };
		6A65F8AF2469A9BC00AC43B7 /* Extension Diagnosis.swift */ = {isa = PBXFileReference; lastKnownFileType = sourcecode.swift; path = "Extension Diagnosis.swift"; sourceTree = "<group>"; };
		6A6794EE246CB40300FF6C4B /* DynamicFilteredList.swift */ = {isa = PBXFileReference; lastKnownFileType = sourcecode.swift; path = DynamicFilteredList.swift; sourceTree = "<group>"; };
		6A6D7BF8246A4E4B004C18AA /* MainView.swift */ = {isa = PBXFileReference; lastKnownFileType = sourcecode.swift; path = MainView.swift; sourceTree = "<group>"; };
		6A6D7BFA246A528A004C18AA /* ClinicalWorkListView.swift */ = {isa = PBXFileReference; lastKnownFileType = sourcecode.swift; path = ClinicalWorkListView.swift; sourceTree = "<group>"; };
		6A6D7BFC246A6255004C18AA /* MainContentCategories.swift */ = {isa = PBXFileReference; lastKnownFileType = sourcecode.swift; path = MainContentCategories.swift; sourceTree = "<group>"; };
		6A7838F22470253800B8666A /* TokenFetchingError.swift */ = {isa = PBXFileReference; lastKnownFileType = sourcecode.swift; path = TokenFetchingError.swift; sourceTree = "<group>"; };
		6A7838F42470257E00B8666A /* LoginDataForWHOICDAPI.swift */ = {isa = PBXFileReference; lastKnownFileType = sourcecode.swift; path = LoginDataForWHOICDAPI.swift; sourceTree = "<group>"; };
		6A7838F6247025C300B8666A /* TestView.swift */ = {isa = PBXFileReference; lastKnownFileType = sourcecode.swift; path = TestView.swift; sourceTree = "<group>"; };
		6A7838F8247028C800B8666A /* AuthOTokenResponsePayload.swift */ = {isa = PBXFileReference; lastKnownFileType = sourcecode.swift; path = AuthOTokenResponsePayload.swift; sourceTree = "<group>"; };
		6AB1248D2471B85A0047BF66 /* PhysicianForm.swift */ = {isa = PBXFileReference; lastKnownFileType = sourcecode.swift; path = PhysicianForm.swift; sourceTree = "<group>"; };
		6AB1248F2471B9920047BF66 /* PhysicianList.swift */ = {isa = PBXFileReference; lastKnownFileType = sourcecode.swift; path = PhysicianList.swift; sourceTree = "<group>"; };
		6AB124912471BBEA0047BF66 /* PhysicianRowView.swift */ = {isa = PBXFileReference; lastKnownFileType = sourcecode.swift; path = PhysicianRowView.swift; sourceTree = "<group>"; };
		6AB479B82470A3D400C7ADCC /* ClinicalVisitDotView.swift */ = {isa = PBXFileReference; lastKnownFileType = sourcecode.swift; path = ClinicalVisitDotView.swift; sourceTree = "<group>"; };
		6AC7533524704394003A38C2 /* WHOICDAPIAccessToken.swift */ = {isa = PBXFileReference; lastKnownFileType = sourcecode.swift; path = WHOICDAPIAccessToken.swift; sourceTree = "<group>"; };
		6AC7533924704435003A38C2 /* WHOICDSearchView.swift */ = {isa = PBXFileReference; lastKnownFileType = sourcecode.swift; path = WHOICDSearchView.swift; sourceTree = "<group>"; };
		6AC7533B2470452B003A38C2 /* WHOICDSearchResultsList.swift */ = {isa = PBXFileReference; lastKnownFileType = sourcecode.swift; path = WHOICDSearchResultsList.swift; sourceTree = "<group>"; };
		6AC7533D2470460D003A38C2 /* WHOICDSearchResponse.swift */ = {isa = PBXFileReference; lastKnownFileType = sourcecode.swift; path = WHOICDSearchResponse.swift; sourceTree = "<group>"; };
		6ACAB3B824724A8900A5CAE3 /* AddIcon.swift */ = {isa = PBXFileReference; lastKnownFileType = sourcecode.swift; path = AddIcon.swift; sourceTree = "<group>"; };
		6ACAB3BA2472B0BB00A5CAE3 /* VisitSectionView.swift */ = {isa = PBXFileReference; lastKnownFileType = sourcecode.swift; path = VisitSectionView.swift; sourceTree = "<group>"; };
		6ACC9D6B246B4D9B0034C7FD /* AllClinicalWorkView.swift */ = {isa = PBXFileReference; lastKnownFileType = sourcecode.swift; path = AllClinicalWorkView.swift; sourceTree = "<group>"; };
		6AD0CEE72469CD0000EF3ED7 /* ExtentionClinicalVisit.swift */ = {isa = PBXFileReference; lastKnownFileType = sourcecode.swift; path = ExtentionClinicalVisit.swift; sourceTree = "<group>"; };
		6AD0CEE92469EA2E00EF3ED7 /* ClinicalVisitRowView.swift */ = {isa = PBXFileReference; lastKnownFileType = sourcecode.swift; path = ClinicalVisitRowView.swift; sourceTree = "<group>"; };
		6AD0CEEB2469ECE700EF3ED7 /* DiagnosisRowView.swift */ = {isa = PBXFileReference; lastKnownFileType = sourcecode.swift; path = DiagnosisRowView.swift; sourceTree = "<group>"; };
		6AD0CEED2469ED0800EF3ED7 /* EpisodeOfCareRowView.swift */ = {isa = PBXFileReference; lastKnownFileType = sourcecode.swift; path = EpisodeOfCareRowView.swift; sourceTree = "<group>"; };
		6AD0CEEF2469EE2800EF3ED7 /* DateToString.swift */ = {isa = PBXFileReference; lastKnownFileType = sourcecode.swift; path = DateToString.swift; sourceTree = "<group>"; };
		6AD0CEF12469FA8500EF3ED7 /* DummyData.swift */ = {isa = PBXFileReference; lastKnownFileType = sourcecode.swift; path = DummyData.swift; sourceTree = "<group>"; };
		6AD0CEF3246A3C4E00EF3ED7 /* ClinicalWorkRowView.swift */ = {isa = PBXFileReference; lastKnownFileType = sourcecode.swift; path = ClinicalWorkRowView.swift; sourceTree = "<group>"; };
		6AD0CEF5246A3C5D00EF3ED7 /* ExtensionClinicalWork.swift */ = {isa = PBXFileReference; lastKnownFileType = sourcecode.swift; path = ExtensionClinicalWork.swift; sourceTree = "<group>"; };
		6AD0CEF9246A3CA900EF3ED7 /* ClinicalWorkView.swift */ = {isa = PBXFileReference; lastKnownFileType = sourcecode.swift; path = ClinicalWorkView.swift; sourceTree = "<group>"; };
		6AD0CEFB246A48E200EF3ED7 /* ClinicalWorkBanderoleView.swift */ = {isa = PBXFileReference; lastKnownFileType = sourcecode.swift; path = ClinicalWorkBanderoleView.swift; sourceTree = "<group>"; };
		6AD21354247035A500936099 /* auth0APICall.swift */ = {isa = PBXFileReference; lastKnownFileType = sourcecode.swift; path = auth0APICall.swift; sourceTree = "<group>"; };
		6AD213562470376100936099 /* WHOICDAPIEndpoint.swift */ = {isa = PBXFileReference; lastKnownFileType = sourcecode.swift; path = WHOICDAPIEndpoint.swift; sourceTree = "<group>"; };
		6AD2135A2470415700936099 /* WHOICDToken.swift */ = {isa = PBXFileReference; lastKnownFileType = sourcecode.swift; path = WHOICDToken.swift; sourceTree = "<group>"; };
		6AD7A23F24689548004BCAE8 /* KarlaMay.app */ = {isa = PBXFileReference; explicitFileType = wrapper.application; includeInIndex = 0; path = KarlaMay.app; sourceTree = BUILT_PRODUCTS_DIR; };
		6AD7A24224689548004BCAE8 /* AppDelegate.swift */ = {isa = PBXFileReference; lastKnownFileType = sourcecode.swift; path = AppDelegate.swift; sourceTree = "<group>"; };
		6AD7A24424689548004BCAE8 /* SceneDelegate.swift */ = {isa = PBXFileReference; lastKnownFileType = sourcecode.swift; path = SceneDelegate.swift; sourceTree = "<group>"; };
		6AD7A24724689548004BCAE8 /* KarlaMay.xcdatamodel */ = {isa = PBXFileReference; lastKnownFileType = wrapper.xcdatamodel; path = KarlaMay.xcdatamodel; sourceTree = "<group>"; };
		6AD7A24924689548004BCAE8 /* ContentView.swift */ = {isa = PBXFileReference; lastKnownFileType = sourcecode.swift; path = ContentView.swift; sourceTree = "<group>"; };
		6AD7A24B2468954B004BCAE8 /* Assets.xcassets */ = {isa = PBXFileReference; lastKnownFileType = folder.assetcatalog; path = Assets.xcassets; sourceTree = "<group>"; };
		6AD7A24E2468954B004BCAE8 /* Preview Assets.xcassets */ = {isa = PBXFileReference; lastKnownFileType = folder.assetcatalog; path = "Preview Assets.xcassets"; sourceTree = "<group>"; };
		6AD7A2512468954B004BCAE8 /* Base */ = {isa = PBXFileReference; lastKnownFileType = file.storyboard; name = Base; path = Base.lproj/LaunchScreen.storyboard; sourceTree = "<group>"; };
		6AD7A2532468954B004BCAE8 /* Info.plist */ = {isa = PBXFileReference; lastKnownFileType = text.plist.xml; path = Info.plist; sourceTree = "<group>"; };
		6AE1F50B247150D50069EC21 /* GrantType.swift */ = {isa = PBXFileReference; lastKnownFileType = sourcecode.swift; path = GrantType.swift; sourceTree = "<group>"; };
		6AE1F50D24716C4A0069EC21 /* ClinicalVisitForm.swift */ = {isa = PBXFileReference; lastKnownFileType = sourcecode.swift; path = ClinicalVisitForm.swift; sourceTree = "<group>"; };
		6AE1F50F247170DF0069EC21 /* BillingCodes.swift */ = {isa = PBXFileReference; fileEncoding = 4; lastKnownFileType = sourcecode.swift; path = BillingCodes.swift; sourceTree = "<group>"; };
		6AFE51D5246B7A4B00D5A333 /* ClinicalWorkStatus.swift */ = {isa = PBXFileReference; lastKnownFileType = sourcecode.swift; path = ClinicalWorkStatus.swift; sourceTree = "<group>"; };
		6AFE51D7246B7B1500D5A333 /* ClinicalWorkFormView.swift */ = {isa = PBXFileReference; lastKnownFileType = sourcecode.swift; path = ClinicalWorkFormView.swift; sourceTree = "<group>"; };
		6AFE51D9246BA17100D5A333 /* UniqueTag-enum.swift */ = {isa = PBXFileReference; lastKnownFileType = sourcecode.swift; path = "UniqueTag-enum.swift"; sourceTree = "<group>"; };
		6AFFA15B246CA7AF00F69784 /* AutofillWordsSuggestionsView.swift */ = {isa = PBXFileReference; lastKnownFileType = sourcecode.swift; path = AutofillWordsSuggestionsView.swift; sourceTree = "<group>"; };
/* End PBXFileReference section */

/* Begin PBXFrameworksBuildPhase section */
		6AD7A23C24689548004BCAE8 /* Frameworks */ = {
			isa = PBXFrameworksBuildPhase;
			buildActionMask = 2147483647;
			files = (
			);
			runOnlyForDeploymentPostprocessing = 0;
		};
/* End PBXFrameworksBuildPhase section */

/* Begin PBXGroup section */
		6A0F5E7324701B0100C28125 /* Network Requests */ = {
			isa = PBXGroup;
			children = (
				6AD213592470412D00936099 /* WHO ICD API Calls */,
				6AD213582470411500936099 /* Auth0 Calls */,
			);
			path = "Network Requests";
			sourceTree = "<group>";
		};
		6A258DEA24689CB900F689BF /* ICD Search */ = {
			isa = PBXGroup;
			children = (
				6A5EE729247088C9003B1E58 /* Old versions of WHO ICD calls */,
				6A0F5E7324701B0100C28125 /* Network Requests */,
				6AC7533924704435003A38C2 /* WHOICDSearchView.swift */,
				6AC7533B2470452B003A38C2 /* WHOICDSearchResultsList.swift */,
				6A0F5E6B246F9CC800C28125 /* ICDResults.swift */,
				6A258DF32468A1D400F689BF /* ICDDiagnosisRow.swift */,
			);
			path = "ICD Search";
			sourceTree = "<group>";
		};
		6A258DF524697A6D00F689BF /* Helpers */ = {
			isa = PBXGroup;
			children = (
				6A649EBF246DFD2E00B9AB0F /* SearchableContent.swift */,
				6A649EC0246DFD2E00B9AB0F /* SearchView.swift */,
				6AFE51D9246BA17100D5A333 /* UniqueTag-enum.swift */,
				6AFFA15B246CA7AF00F69784 /* AutofillWordsSuggestionsView.swift */,
				6A6794EE246CB40300FF6C4B /* DynamicFilteredList.swift */,
				6AD0CEF12469FA8500EF3ED7 /* DummyData.swift */,
				6A65F8AD2469A94900AC43B7 /* Dated Protocol.swift */,
				6A649EC5246DFF0100B9AB0F /* AIColorExtensions.swift */,
				6AD0CEEF2469EE2800EF3ED7 /* DateToString.swift */,
				6A258DEB24689CCA00F689BF /* StripHTMLTags.swift */,
				6A258DF624697A8800F689BF /* DismissKeyboard.swift */,
			);
			path = Helpers;
			sourceTree = "<group>";
		};
		6A258DFB2469869900F689BF /* Patient */ = {
			isa = PBXGroup;
			children = (
				6A649EC3246DFE4900B9AB0F /* PatientRow.swift */,
				6A258E002469916100F689BF /* ExtentsionPatient.swift */,
				6A258DFC246986BC00F689BF /* PatientFormView.swift */,
				6A649EC7246E06AD00B9AB0F /* AllPatientsView.swift */,
			);
			path = Patient;
			sourceTree = "<group>";
		};
		6A258DFE2469899F00F689BF /* Episode Of Care */ = {
			isa = PBXGroup;
			children = (
				6A65F8A82469A5F500AC43B7 /* ExentsionEpisodeOfCare.swift */,
				6AD0CEED2469ED0800EF3ED7 /* EpisodeOfCareRowView.swift */,
				6A364CA0246E2B4600442D69 /* EpisodeOfCareListView.swift */,
				6A649EBB246DFB7C00B9AB0F /* EpisodeOfCareForm.swift */,
				6ACAB3BA2472B0BB00A5CAE3 /* VisitSectionView.swift */,
				6ACAB3B824724A8900A5CAE3 /* AddIcon.swift */,
				6A649EBD246DFBC000B9AB0F /* EpocStatus.swift */,
			);
			path = "Episode Of Care";
			sourceTree = "<group>";
		};
		6A258DFF246989A800F689BF /* Clinical Work */ = {
			isa = PBXGroup;
			children = (
				6AD0CEF5246A3C5D00EF3ED7 /* ExtensionClinicalWork.swift */,
				6ACC9D6B246B4D9B0034C7FD /* AllClinicalWorkView.swift */,
				6AFE51D7246B7B1500D5A333 /* ClinicalWorkFormView.swift */,
				6AFE51D5246B7A4B00D5A333 /* ClinicalWorkStatus.swift */,
				6AD0CEF3246A3C4E00EF3ED7 /* ClinicalWorkRowView.swift */,
				6ADC79AB246B0F3000096CC2 /* ClinicalWorkView UNUSED */,
			);
			path = "Clinical Work";
			sourceTree = "<group>";
		};
		6A5EE729247088C9003B1E58 /* Old versions of WHO ICD calls */ = {
			isa = PBXGroup;
			children = (
				6A258DED24689CCA00F689BF /* ICDSearchResultsView.swift */,
				6A258DEE24689CCA00F689BF /* ICDData.swift */,
				6A258DEC24689CCA00F689BF /* getICDAPIToken.swift */,
				6A0F5E7424701B7E00C28125 /* Codable objects - WHOICDAPI.swift */,
			);
			path = "Old versions of WHO ICD calls";
			sourceTree = "<group>";
		};
		6A65F8AA2469A65C00AC43B7 /* Diagnosis */ = {
			isa = PBXGroup;
			children = (
				6A65F8AF2469A9BC00AC43B7 /* Extension Diagnosis.swift */,
				6A258DF924697E8300F689BF /* DiagnosesListView.swift */,
				6AD0CEEB2469ECE700EF3ED7 /* DiagnosisRowView.swift */,
			);
			path = Diagnosis;
			sourceTree = "<group>";
		};
		6A6D7BF7246A4E39004C18AA /* MainView */ = {
			isa = PBXGroup;
			children = (
				6AD7A24924689548004BCAE8 /* ContentView.swift */,
				6A6D7BFC246A6255004C18AA /* MainContentCategories.swift */,
				6A6D7BF8246A4E4B004C18AA /* MainView.swift */,
			);
			path = MainView;
			sourceTree = "<group>";
		};
		6AA470132469AE5B0023A7B0 /* Clinical Visit */ = {
			isa = PBXGroup;
			children = (
				6AD0CEE72469CD0000EF3ED7 /* ExtentionClinicalVisit.swift */,
				6AD0CEE92469EA2E00EF3ED7 /* ClinicalVisitRowView.swift */,
				6AE1F50F247170DF0069EC21 /* BillingCodes.swift */,
				6A5F6CFE247231D3001DA480 /* RamqBillingCodes.swift */,
				6AE1F50D24716C4A0069EC21 /* ClinicalVisitForm.swift */,
				6A5F6D0024724109001DA480 /* VisitsResults.swift */,
				6AB479B82470A3D400C7ADCC /* ClinicalVisitDotView.swift */,
			);
			path = "Clinical Visit";
			sourceTree = "<group>";
		};
		6AB1248C2471B8440047BF66 /* Physician */ = {
			isa = PBXGroup;
			children = (
				6AB1248D2471B85A0047BF66 /* PhysicianForm.swift */,
				6AB1248F2471B9920047BF66 /* PhysicianList.swift */,
				6AB124912471BBEA0047BF66 /* PhysicianRowView.swift */,
			);
			path = Physician;
			sourceTree = "<group>";
		};
		6AD213582470411500936099 /* Auth0 Calls */ = {
			isa = PBXGroup;
			children = (
				6AE1F50B247150D50069EC21 /* GrantType.swift */,
				6A7838F22470253800B8666A /* TokenFetchingError.swift */,
				6A0F5E6D2470187100C28125 /* auth0TokenRequest.swift */,
				6A0F5E7124701A0500C28125 /* auth0TokenRefresh.swift */,
				6A7838F8247028C800B8666A /* AuthOTokenResponsePayload.swift */,
				6AD21354247035A500936099 /* auth0APICall.swift */,
			);
			path = "Auth0 Calls";
			sourceTree = "<group>";
		};
		6AD213592470412D00936099 /* WHO ICD API Calls */ = {
			isa = PBXGroup;
			children = (
				6A5EE72A24708A9E003B1E58 /* ICDSearchError.swift */,
				6AC7533524704394003A38C2 /* WHOICDAPIAccessToken.swift */,
				6AD213562470376100936099 /* WHOICDAPIEndpoint.swift */,
				6AD2135A2470415700936099 /* WHOICDToken.swift */,
				6AC7533D2470460D003A38C2 /* WHOICDSearchResponse.swift */,
				6A7838F42470257E00B8666A /* LoginDataForWHOICDAPI.swift */,
			);
			path = "WHO ICD API Calls";
			sourceTree = "<group>";
		};
		6AD7A23624689548004BCAE8 = {
			isa = PBXGroup;
			children = (
				6AD7A24124689548004BCAE8 /* KarlaMay */,
				6AD7A24024689548004BCAE8 /* Products */,
			);
			sourceTree = "<group>";
		};
		6AD7A24024689548004BCAE8 /* Products */ = {
			isa = PBXGroup;
			children = (
				6AD7A23F24689548004BCAE8 /* KarlaMay.app */,
			);
			name = Products;
			sourceTree = "<group>";
		};
		6AD7A24124689548004BCAE8 /* KarlaMay */ = {
			isa = PBXGroup;
			children = (
				6AD7A24224689548004BCAE8 /* AppDelegate.swift */,
				6AD7A24424689548004BCAE8 /* SceneDelegate.swift */,
				6A7838F6247025C300B8666A /* TestView.swift */,
				6A6D7BF7246A4E39004C18AA /* MainView */,
				6A258DFB2469869900F689BF /* Patient */,
				6A258DFF246989A800F689BF /* Clinical Work */,
				6A258DFE2469899F00F689BF /* Episode Of Care */,
				6AA470132469AE5B0023A7B0 /* Clinical Visit */,
				6A65F8AA2469A65C00AC43B7 /* Diagnosis */,
				6AB1248C2471B8440047BF66 /* Physician */,
				6A258DEA24689CB900F689BF /* ICD Search */,
				6A258DF524697A6D00F689BF /* Helpers */,
				6AD7A24B2468954B004BCAE8 /* Assets.xcassets */,
				6AD7A2502468954B004BCAE8 /* LaunchScreen.storyboard */,
				6AD7A2532468954B004BCAE8 /* Info.plist */,
				6AD7A24624689548004BCAE8 /* KarlaMay.xcdatamodeld */,
				6AD7A24D2468954B004BCAE8 /* Preview Content */,
			);
			path = KarlaMay;
			sourceTree = "<group>";
		};
		6AD7A24D2468954B004BCAE8 /* Preview Content */ = {
			isa = PBXGroup;
			children = (
				6AD7A24E2468954B004BCAE8 /* Preview Assets.xcassets */,
			);
			path = "Preview Content";
			sourceTree = "<group>";
		};
		6ADC79AB246B0F3000096CC2 /* ClinicalWorkView UNUSED */ = {
			isa = PBXGroup;
			children = (
				6AD0CEF9246A3CA900EF3ED7 /* ClinicalWorkView.swift */,
				6A6D7BFA246A528A004C18AA /* ClinicalWorkListView.swift */,
				6AD0CEFB246A48E200EF3ED7 /* ClinicalWorkBanderoleView.swift */,
			);
			path = "ClinicalWorkView UNUSED";
			sourceTree = "<group>";
		};
/* End PBXGroup section */

/* Begin PBXNativeTarget section */
		6AD7A23E24689548004BCAE8 /* KarlaMay */ = {
			isa = PBXNativeTarget;
			buildConfigurationList = 6AD7A2562468954B004BCAE8 /* Build configuration list for PBXNativeTarget "KarlaMay" */;
			buildPhases = (
				6AD7A23B24689548004BCAE8 /* Sources */,
				6AD7A23C24689548004BCAE8 /* Frameworks */,
				6AD7A23D24689548004BCAE8 /* Resources */,
			);
			buildRules = (
			);
			dependencies = (
			);
			name = KarlaMay;
			productName = KarlaMay;
			productReference = 6AD7A23F24689548004BCAE8 /* KarlaMay.app */;
			productType = "com.apple.product-type.application";
		};
/* End PBXNativeTarget section */

/* Begin PBXProject section */
		6AD7A23724689548004BCAE8 /* Project object */ = {
			isa = PBXProject;
			attributes = {
				LastSwiftUpdateCheck = 1140;
				LastUpgradeCheck = 1140;
				ORGANIZATIONNAME = quarticAIMBP2018;
				TargetAttributes = {
					6AD7A23E24689548004BCAE8 = {
						CreatedOnToolsVersion = 11.4.1;
					};
				};
			};
			buildConfigurationList = 6AD7A23A24689548004BCAE8 /* Build configuration list for PBXProject "KarlaMay" */;
			compatibilityVersion = "Xcode 9.3";
			developmentRegion = en;
			hasScannedForEncodings = 0;
			knownRegions = (
				en,
				Base,
			);
			mainGroup = 6AD7A23624689548004BCAE8;
			productRefGroup = 6AD7A24024689548004BCAE8 /* Products */;
			projectDirPath = "";
			projectRoot = "";
			targets = (
				6AD7A23E24689548004BCAE8 /* KarlaMay */,
			);
		};
/* End PBXProject section */

/* Begin PBXResourcesBuildPhase section */
		6AD7A23D24689548004BCAE8 /* Resources */ = {
			isa = PBXResourcesBuildPhase;
			buildActionMask = 2147483647;
			files = (
				6AD7A2522468954B004BCAE8 /* LaunchScreen.storyboard in Resources */,
				6AD7A24F2468954B004BCAE8 /* Preview Assets.xcassets in Resources */,
				6AD7A24C2468954B004BCAE8 /* Assets.xcassets in Resources */,
			);
			runOnlyForDeploymentPostprocessing = 0;
		};
/* End PBXResourcesBuildPhase section */

/* Begin PBXSourcesBuildPhase section */
		6AD7A23B24689548004BCAE8 /* Sources */ = {
			isa = PBXSourcesBuildPhase;
			buildActionMask = 2147483647;
			files = (
				6AD0CEE82469CD0000EF3ED7 /* ExtentionClinicalVisit.swift in Sources */,
				6AE1F50E24716C4A0069EC21 /* ClinicalVisitForm.swift in Sources */,
				6A5F6D0124724109001DA480 /* VisitsResults.swift in Sources */,
				6AD0CEFC246A48E200EF3ED7 /* ClinicalWorkBanderoleView.swift in Sources */,
				6ACAB3BB2472B0BB00A5CAE3 /* VisitSectionView.swift in Sources */,
				6AFE51DA246BA17100D5A333 /* UniqueTag-enum.swift in Sources */,
				6AB124922471BBEA0047BF66 /* PhysicianRowView.swift in Sources */,
				6A258DF42468A1D400F689BF /* ICDDiagnosisRow.swift in Sources */,
				6A258DF024689CCA00F689BF /* getICDAPIToken.swift in Sources */,
				6A65F8B02469A9BC00AC43B7 /* Extension Diagnosis.swift in Sources */,
				6A649EBC246DFB7C00B9AB0F /* EpisodeOfCareForm.swift in Sources */,
				6A0F5E7524701B7E00C28125 /* Codable objects - WHOICDAPI.swift in Sources */,
				6AC7533624704394003A38C2 /* WHOICDAPIAccessToken.swift in Sources */,
				6AD0CEEC2469ECE700EF3ED7 /* DiagnosisRowView.swift in Sources */,
				6AC7533C2470452B003A38C2 /* WHOICDSearchResultsList.swift in Sources */,
				6AD0CEF6246A3C5D00EF3ED7 /* ExtensionClinicalWork.swift in Sources */,
				6AD7A24324689548004BCAE8 /* AppDelegate.swift in Sources */,
				6AD0CEFA246A3CA900EF3ED7 /* ClinicalWorkView.swift in Sources */,
				6A649EC1246DFD2E00B9AB0F /* SearchableContent.swift in Sources */,
				6A65F8AE2469A94900AC43B7 /* Dated Protocol.swift in Sources */,
				6A258DF224689CCA00F689BF /* ICDData.swift in Sources */,
				6AD0CEF4246A3C4E00EF3ED7 /* ClinicalWorkRowView.swift in Sources */,
				6AFFA15C246CA7AF00F69784 /* AutofillWordsSuggestionsView.swift in Sources */,
				6AD7A24524689548004BCAE8 /* SceneDelegate.swift in Sources */,
				6A258DFA24697E8300F689BF /* DiagnosesListView.swift in Sources */,
				6AC7533A24704435003A38C2 /* WHOICDSearchView.swift in Sources */,
				6A0F5E6C246F9CC800C28125 /* ICDResults.swift in Sources */,
				6A258E012469916100F689BF /* ExtentsionPatient.swift in Sources */,
				6AB124902471B9920047BF66 /* PhysicianList.swift in Sources */,
				6A6D7BFD246A6255004C18AA /* MainContentCategories.swift in Sources */,
				6A364CA1246E2B4600442D69 /* EpisodeOfCareListView.swift in Sources */,
				6A649EC2246DFD2E00B9AB0F /* SearchView.swift in Sources */,
				6AE1F510247170DF0069EC21 /* BillingCodes.swift in Sources */,
				6A7838F7247025C300B8666A /* TestView.swift in Sources */,
				6AD0CEEA2469EA2E00EF3ED7 /* ClinicalVisitRowView.swift in Sources */,
				6A65F8A92469A5F500AC43B7 /* ExentsionEpisodeOfCare.swift in Sources */,
				6A0F5E6E2470187100C28125 /* auth0TokenRequest.swift in Sources */,
				6A258DEF24689CCA00F689BF /* StripHTMLTags.swift in Sources */,
				6A649EC4246DFE4A00B9AB0F /* PatientRow.swift in Sources */,
				6AD7A24A24689548004BCAE8 /* ContentView.swift in Sources */,
				6AD213572470376100936099 /* WHOICDAPIEndpoint.swift in Sources */,
				6A5EE72B24708A9E003B1E58 /* ICDSearchError.swift in Sources */,
				6A6D7BF9246A4E4B004C18AA /* MainView.swift in Sources */,
				6A649EC6246DFF0100B9AB0F /* AIColorExtensions.swift in Sources */,
				6A5F6CFF247231D3001DA480 /* RamqBillingCodes.swift in Sources */,
				6AD21355247035A500936099 /* auth0APICall.swift in Sources */,
				6A649EBE246DFBC000B9AB0F /* EpocStatus.swift in Sources */,
				6AB1248E2471B85A0047BF66 /* PhysicianForm.swift in Sources */,
				6ACAB3B924724A8900A5CAE3 /* AddIcon.swift in Sources */,
				6A258DFD246986BC00F689BF /* PatientFormView.swift in Sources */,
				6AE1F50C247150D50069EC21 /* GrantType.swift in Sources */,
				6A258DF124689CCA00F689BF /* ICDSearchResultsView.swift in Sources */,
				6AD0CEEE2469ED0800EF3ED7 /* EpisodeOfCareRowView.swift in Sources */,
				6A7838F32470253800B8666A /* TokenFetchingError.swift in Sources */,
				6AFE51D6246B7A4B00D5A333 /* ClinicalWorkStatus.swift in Sources */,
				6AB479B92470A3D400C7ADCC /* ClinicalVisitDotView.swift in Sources */,
				6AD7A24824689548004BCAE8 /* KarlaMay.xcdatamodeld in Sources */,
				6AD0CEF02469EE2800EF3ED7 /* DateToString.swift in Sources */,
				6A4D72FB246CB59A00C15B2E /* DynamicFilteredList.swift in Sources */,
				6AD0CEF22469FA8500EF3ED7 /* DummyData.swift in Sources */,
				6A7838F52470257E00B8666A /* LoginDataForWHOICDAPI.swift in Sources */,
				6AFE51D8246B7B1500D5A333 /* ClinicalWorkFormView.swift in Sources */,
				6A6D7BFB246A528A004C18AA /* ClinicalWorkListView.swift in Sources */,
				6ACC9D6C246B4D9B0034C7FD /* AllClinicalWorkView.swift in Sources */,
				6A649EC8246E06AD00B9AB0F /* AllPatientsView.swift in Sources */,
				6A7838F9247028C800B8666A /* AuthOTokenResponsePayload.swift in Sources */,
				6A0F5E7224701A0500C28125 /* auth0TokenRefresh.swift in Sources */,
				6AD2135B2470415700936099 /* WHOICDToken.swift in Sources */,
				6AC7533E2470460D003A38C2 /* WHOICDSearchResponse.swift in Sources */,
				6A258DF724697A8800F689BF /* DismissKeyboard.swift in Sources */,
			);
			runOnlyForDeploymentPostprocessing = 0;
		};
/* End PBXSourcesBuildPhase section */

/* Begin PBXVariantGroup section */
		6AD7A2502468954B004BCAE8 /* LaunchScreen.storyboard */ = {
			isa = PBXVariantGroup;
			children = (
				6AD7A2512468954B004BCAE8 /* Base */,
			);
			name = LaunchScreen.storyboard;
			sourceTree = "<group>";
		};
/* End PBXVariantGroup section */

/* Begin XCBuildConfiguration section */
		6AD7A2542468954B004BCAE8 /* Debug */ = {
			isa = XCBuildConfiguration;
			buildSettings = {
				ALWAYS_SEARCH_USER_PATHS = NO;
				CLANG_ANALYZER_NONNULL = YES;
				CLANG_ANALYZER_NUMBER_OBJECT_CONVERSION = YES_AGGRESSIVE;
				CLANG_CXX_LANGUAGE_STANDARD = "gnu++14";
				CLANG_CXX_LIBRARY = "libc++";
				CLANG_ENABLE_MODULES = YES;
				CLANG_ENABLE_OBJC_ARC = YES;
				CLANG_ENABLE_OBJC_WEAK = YES;
				CLANG_WARN_BLOCK_CAPTURE_AUTORELEASING = YES;
				CLANG_WARN_BOOL_CONVERSION = YES;
				CLANG_WARN_COMMA = YES;
				CLANG_WARN_CONSTANT_CONVERSION = YES;
				CLANG_WARN_DEPRECATED_OBJC_IMPLEMENTATIONS = YES;
				CLANG_WARN_DIRECT_OBJC_ISA_USAGE = YES_ERROR;
				CLANG_WARN_DOCUMENTATION_COMMENTS = YES;
				CLANG_WARN_EMPTY_BODY = YES;
				CLANG_WARN_ENUM_CONVERSION = YES;
				CLANG_WARN_INFINITE_RECURSION = YES;
				CLANG_WARN_INT_CONVERSION = YES;
				CLANG_WARN_NON_LITERAL_NULL_CONVERSION = YES;
				CLANG_WARN_OBJC_IMPLICIT_RETAIN_SELF = YES;
				CLANG_WARN_OBJC_LITERAL_CONVERSION = YES;
				CLANG_WARN_OBJC_ROOT_CLASS = YES_ERROR;
				CLANG_WARN_RANGE_LOOP_ANALYSIS = YES;
				CLANG_WARN_STRICT_PROTOTYPES = YES;
				CLANG_WARN_SUSPICIOUS_MOVE = YES;
				CLANG_WARN_UNGUARDED_AVAILABILITY = YES_AGGRESSIVE;
				CLANG_WARN_UNREACHABLE_CODE = YES;
				CLANG_WARN__DUPLICATE_METHOD_MATCH = YES;
				COPY_PHASE_STRIP = NO;
				DEBUG_INFORMATION_FORMAT = dwarf;
				ENABLE_STRICT_OBJC_MSGSEND = YES;
				ENABLE_TESTABILITY = YES;
				GCC_C_LANGUAGE_STANDARD = gnu11;
				GCC_DYNAMIC_NO_PIC = NO;
				GCC_NO_COMMON_BLOCKS = YES;
				GCC_OPTIMIZATION_LEVEL = 0;
				GCC_PREPROCESSOR_DEFINITIONS = (
					"DEBUG=1",
					"$(inherited)",
				);
				GCC_WARN_64_TO_32_BIT_CONVERSION = YES;
				GCC_WARN_ABOUT_RETURN_TYPE = YES_ERROR;
				GCC_WARN_UNDECLARED_SELECTOR = YES;
				GCC_WARN_UNINITIALIZED_AUTOS = YES_AGGRESSIVE;
				GCC_WARN_UNUSED_FUNCTION = YES;
				GCC_WARN_UNUSED_VARIABLE = YES;
				IPHONEOS_DEPLOYMENT_TARGET = 13.4;
				MTL_ENABLE_DEBUG_INFO = INCLUDE_SOURCE;
				MTL_FAST_MATH = YES;
				ONLY_ACTIVE_ARCH = YES;
				SDKROOT = iphoneos;
				SWIFT_ACTIVE_COMPILATION_CONDITIONS = DEBUG;
				SWIFT_OPTIMIZATION_LEVEL = "-Onone";
			};
			name = Debug;
		};
		6AD7A2552468954B004BCAE8 /* Release */ = {
			isa = XCBuildConfiguration;
			buildSettings = {
				ALWAYS_SEARCH_USER_PATHS = NO;
				CLANG_ANALYZER_NONNULL = YES;
				CLANG_ANALYZER_NUMBER_OBJECT_CONVERSION = YES_AGGRESSIVE;
				CLANG_CXX_LANGUAGE_STANDARD = "gnu++14";
				CLANG_CXX_LIBRARY = "libc++";
				CLANG_ENABLE_MODULES = YES;
				CLANG_ENABLE_OBJC_ARC = YES;
				CLANG_ENABLE_OBJC_WEAK = YES;
				CLANG_WARN_BLOCK_CAPTURE_AUTORELEASING = YES;
				CLANG_WARN_BOOL_CONVERSION = YES;
				CLANG_WARN_COMMA = YES;
				CLANG_WARN_CONSTANT_CONVERSION = YES;
				CLANG_WARN_DEPRECATED_OBJC_IMPLEMENTATIONS = YES;
				CLANG_WARN_DIRECT_OBJC_ISA_USAGE = YES_ERROR;
				CLANG_WARN_DOCUMENTATION_COMMENTS = YES;
				CLANG_WARN_EMPTY_BODY = YES;
				CLANG_WARN_ENUM_CONVERSION = YES;
				CLANG_WARN_INFINITE_RECURSION = YES;
				CLANG_WARN_INT_CONVERSION = YES;
				CLANG_WARN_NON_LITERAL_NULL_CONVERSION = YES;
				CLANG_WARN_OBJC_IMPLICIT_RETAIN_SELF = YES;
				CLANG_WARN_OBJC_LITERAL_CONVERSION = YES;
				CLANG_WARN_OBJC_ROOT_CLASS = YES_ERROR;
				CLANG_WARN_RANGE_LOOP_ANALYSIS = YES;
				CLANG_WARN_STRICT_PROTOTYPES = YES;
				CLANG_WARN_SUSPICIOUS_MOVE = YES;
				CLANG_WARN_UNGUARDED_AVAILABILITY = YES_AGGRESSIVE;
				CLANG_WARN_UNREACHABLE_CODE = YES;
				CLANG_WARN__DUPLICATE_METHOD_MATCH = YES;
				COPY_PHASE_STRIP = NO;
				DEBUG_INFORMATION_FORMAT = "dwarf-with-dsym";
				ENABLE_NS_ASSERTIONS = NO;
				ENABLE_STRICT_OBJC_MSGSEND = YES;
				GCC_C_LANGUAGE_STANDARD = gnu11;
				GCC_NO_COMMON_BLOCKS = YES;
				GCC_WARN_64_TO_32_BIT_CONVERSION = YES;
				GCC_WARN_ABOUT_RETURN_TYPE = YES_ERROR;
				GCC_WARN_UNDECLARED_SELECTOR = YES;
				GCC_WARN_UNINITIALIZED_AUTOS = YES_AGGRESSIVE;
				GCC_WARN_UNUSED_FUNCTION = YES;
				GCC_WARN_UNUSED_VARIABLE = YES;
				IPHONEOS_DEPLOYMENT_TARGET = 13.4;
				MTL_ENABLE_DEBUG_INFO = NO;
				MTL_FAST_MATH = YES;
				SDKROOT = iphoneos;
				SWIFT_COMPILATION_MODE = wholemodule;
				SWIFT_OPTIMIZATION_LEVEL = "-O";
				VALIDATE_PRODUCT = YES;
			};
			name = Release;
		};
		6AD7A2572468954B004BCAE8 /* Debug */ = {
			isa = XCBuildConfiguration;
			buildSettings = {
				ASSETCATALOG_COMPILER_APPICON_NAME = AppIcon;
				CODE_SIGN_STYLE = Automatic;
				DEVELOPMENT_ASSET_PATHS = "\"KarlaMay/Preview Content\"";
				DEVELOPMENT_TEAM = 6365P5X875;
				ENABLE_PREVIEWS = YES;
				INFOPLIST_FILE = KarlaMay/Info.plist;
				LD_RUNPATH_SEARCH_PATHS = (
					"$(inherited)",
					"@executable_path/Frameworks",
				);
				PRODUCT_BUNDLE_IDENTIFIER = amirprime.KarlaMay;
				PRODUCT_NAME = "$(TARGET_NAME)";
				SWIFT_VERSION = 5.0;
				TARGETED_DEVICE_FAMILY = "1,2";
			};
			name = Debug;
		};
		6AD7A2582468954B004BCAE8 /* Release */ = {
			isa = XCBuildConfiguration;
			buildSettings = {
				ASSETCATALOG_COMPILER_APPICON_NAME = AppIcon;
				CODE_SIGN_STYLE = Automatic;
				DEVELOPMENT_ASSET_PATHS = "\"KarlaMay/Preview Content\"";
				DEVELOPMENT_TEAM = 6365P5X875;
				ENABLE_PREVIEWS = YES;
				INFOPLIST_FILE = KarlaMay/Info.plist;
				LD_RUNPATH_SEARCH_PATHS = (
					"$(inherited)",
					"@executable_path/Frameworks",
				);
				PRODUCT_BUNDLE_IDENTIFIER = amirprime.KarlaMay;
				PRODUCT_NAME = "$(TARGET_NAME)";
				SWIFT_VERSION = 5.0;
				TARGETED_DEVICE_FAMILY = "1,2";
			};
			name = Release;
		};
/* End XCBuildConfiguration section */

/* Begin XCConfigurationList section */
		6AD7A23A24689548004BCAE8 /* Build configuration list for PBXProject "KarlaMay" */ = {
			isa = XCConfigurationList;
			buildConfigurations = (
				6AD7A2542468954B004BCAE8 /* Debug */,
				6AD7A2552468954B004BCAE8 /* Release */,
			);
			defaultConfigurationIsVisible = 0;
			defaultConfigurationName = Release;
		};
		6AD7A2562468954B004BCAE8 /* Build configuration list for PBXNativeTarget "KarlaMay" */ = {
			isa = XCConfigurationList;
			buildConfigurations = (
				6AD7A2572468954B004BCAE8 /* Debug */,
				6AD7A2582468954B004BCAE8 /* Release */,
			);
			defaultConfigurationIsVisible = 0;
			defaultConfigurationName = Release;
		};
/* End XCConfigurationList section */

/* Begin XCVersionGroup section */
		6AD7A24624689548004BCAE8 /* KarlaMay.xcdatamodeld */ = {
			isa = XCVersionGroup;
			children = (
				6AD7A24724689548004BCAE8 /* KarlaMay.xcdatamodel */,
			);
			currentVersion = 6AD7A24724689548004BCAE8 /* KarlaMay.xcdatamodel */;
			path = KarlaMay.xcdatamodeld;
			sourceTree = "<group>";
			versionGroupType = wrapper.xcdatamodel;
		};
/* End XCVersionGroup section */
	};
	rootObject = 6AD7A23724689548004BCAE8 /* Project object */;
}
